// !$*UTF8*$!
{
	archiveVersion = 1;
	classes = {
	};
	objectVersion = 46;
	objects = {

/* Begin PBXBuildFile section */
		446B4F7A1BD4309E00592A31 /* Intent.swift in Sources */ = {isa = PBXBuildFile; fileRef = 446B4F761BD4309E00592A31 /* Intent.swift */; settings = {ASSET_TAGS = (); }; };
		446B4F7B1BD4309E00592A31 /* Signature.swift in Sources */ = {isa = PBXBuildFile; fileRef = 446B4F771BD4309E00592A31 /* Signature.swift */; settings = {ASSET_TAGS = (); }; };
		446B4F7C1BD4309E00592A31 /* SignedAction.swift in Sources */ = {isa = PBXBuildFile; fileRef = 446B4F781BD4309E00592A31 /* SignedAction.swift */; settings = {ASSET_TAGS = (); }; };
		446B4F7D1BD4309E00592A31 /* Verify.swift in Sources */ = {isa = PBXBuildFile; fileRef = 446B4F791BD4309E00592A31 /* Verify.swift */; settings = {ASSET_TAGS = (); }; };
		449C00F51BD42F3F00F866FA /* BIVerify.h in Headers */ = {isa = PBXBuildFile; fileRef = 449C00F41BD42F3F00F866FA /* BIVerify.h */; settings = {ATTRIBUTES = (Public, ); }; };
		5C58E6ED7A1BA248F57CF6EC /* Pods_BIVerify.framework in Frameworks */ = {isa = PBXBuildFile; fileRef = 167276A610C94E9B958C4B95 /* Pods_BIVerify.framework */; };
/* End PBXBuildFile section */

/* Begin PBXFileReference section */
		167276A610C94E9B958C4B95 /* Pods_BIVerify.framework */ = {isa = PBXFileReference; explicitFileType = wrapper.framework; includeInIndex = 0; path = Pods_BIVerify.framework; sourceTree = BUILT_PRODUCTS_DIR; };
		446B4F761BD4309E00592A31 /* Intent.swift */ = {isa = PBXFileReference; fileEncoding = 4; lastKnownFileType = sourcecode.swift; path = Intent.swift; sourceTree = "<group>"; };
		446B4F771BD4309E00592A31 /* Signature.swift */ = {isa = PBXFileReference; fileEncoding = 4; lastKnownFileType = sourcecode.swift; path = Signature.swift; sourceTree = "<group>"; };
		446B4F781BD4309E00592A31 /* SignedAction.swift */ = {isa = PBXFileReference; fileEncoding = 4; lastKnownFileType = sourcecode.swift; path = SignedAction.swift; sourceTree = "<group>"; };
		446B4F791BD4309E00592A31 /* Verify.swift */ = {isa = PBXFileReference; fileEncoding = 4; lastKnownFileType = sourcecode.swift; path = Verify.swift; sourceTree = "<group>"; };
		449C00F11BD42F3F00F866FA /* BIVerify.framework */ = {isa = PBXFileReference; explicitFileType = wrapper.framework; includeInIndex = 0; path = BIVerify.framework; sourceTree = BUILT_PRODUCTS_DIR; };
		449C00F41BD42F3F00F866FA /* BIVerify.h */ = {isa = PBXFileReference; lastKnownFileType = sourcecode.c.h; path = BIVerify.h; sourceTree = "<group>"; };
		449C00F61BD42F3F00F866FA /* Info.plist */ = {isa = PBXFileReference; lastKnownFileType = text.plist.xml; path = Info.plist; sourceTree = "<group>"; };
		7DF45F206EF062170086EEB3 /* Pods-BIVerify.debug.xcconfig */ = {isa = PBXFileReference; includeInIndex = 1; lastKnownFileType = text.xcconfig; name = "Pods-BIVerify.debug.xcconfig"; path = "Pods/Target Support Files/Pods-BIVerify/Pods-BIVerify.debug.xcconfig"; sourceTree = "<group>"; };
		D4173E66E1BBFF0DB9FA9675 /* Pods-BIVerify.release.xcconfig */ = {isa = PBXFileReference; includeInIndex = 1; lastKnownFileType = text.xcconfig; name = "Pods-BIVerify.release.xcconfig"; path = "Pods/Target Support Files/Pods-BIVerify/Pods-BIVerify.release.xcconfig"; sourceTree = "<group>"; };
/* End PBXFileReference section */

/* Begin PBXFrameworksBuildPhase section */
		449C00ED1BD42F3F00F866FA /* Frameworks */ = {
			isa = PBXFrameworksBuildPhase;
			buildActionMask = 2147483647;
			files = (
				5C58E6ED7A1BA248F57CF6EC /* Pods_BIVerify.framework in Frameworks */,
			);
			runOnlyForDeploymentPostprocessing = 0;
		};
/* End PBXFrameworksBuildPhase section */

/* Begin PBXGroup section */
		0AA384B8F6681812F74D97DC /* Pods */ = {
			isa = PBXGroup;
			children = (
				7DF45F206EF062170086EEB3 /* Pods-BIVerify.debug.xcconfig */,
				D4173E66E1BBFF0DB9FA9675 /* Pods-BIVerify.release.xcconfig */,
			);
			name = Pods;
			sourceTree = "<group>";
		};
		449C00E71BD42F3F00F866FA = {
			isa = PBXGroup;
			children = (
				449C00F31BD42F3F00F866FA /* BIVerify */,
				449C00F21BD42F3F00F866FA /* Products */,
				0AA384B8F6681812F74D97DC /* Pods */,
				64D99E6418CDE341E1F72916 /* Frameworks */,
			);
			sourceTree = "<group>";
		};
		449C00F21BD42F3F00F866FA /* Products */ = {
			isa = PBXGroup;
			children = (
				449C00F11BD42F3F00F866FA /* BIVerify.framework */,
			);
			name = Products;
			sourceTree = "<group>";
		};
		449C00F31BD42F3F00F866FA /* BIVerify */ = {
			isa = PBXGroup;
			children = (
				446B4F761BD4309E00592A31 /* Intent.swift */,
				446B4F771BD4309E00592A31 /* Signature.swift */,
				446B4F781BD4309E00592A31 /* SignedAction.swift */,
				446B4F791BD4309E00592A31 /* Verify.swift */,
				449C00F41BD42F3F00F866FA /* BIVerify.h */,
				449C00F61BD42F3F00F866FA /* Info.plist */,
			);
			path = BIVerify;
			sourceTree = "<group>";
		};
		64D99E6418CDE341E1F72916 /* Frameworks */ = {
			isa = PBXGroup;
			children = (
				167276A610C94E9B958C4B95 /* Pods_BIVerify.framework */,
			);
			name = Frameworks;
			sourceTree = "<group>";
		};
/* End PBXGroup section */

/* Begin PBXHeadersBuildPhase section */
		449C00EE1BD42F3F00F866FA /* Headers */ = {
			isa = PBXHeadersBuildPhase;
			buildActionMask = 2147483647;
			files = (
				449C00F51BD42F3F00F866FA /* BIVerify.h in Headers */,
			);
			runOnlyForDeploymentPostprocessing = 0;
		};
/* End PBXHeadersBuildPhase section */

/* Begin PBXNativeTarget section */
		449C00F01BD42F3F00F866FA /* BIVerify */ = {
			isa = PBXNativeTarget;
			buildConfigurationList = 449C00F91BD42F3F00F866FA /* Build configuration list for PBXNativeTarget "BIVerify" */;
			buildPhases = (
				0140AD8571F7298D96862352 /* Check Pods Manifest.lock */,
				449C00EC1BD42F3F00F866FA /* Sources */,
				449C00ED1BD42F3F00F866FA /* Frameworks */,
				449C00EE1BD42F3F00F866FA /* Headers */,
				449C00EF1BD42F3F00F866FA /* Resources */,
				36155BD49170367B7894506E /* Copy Pods Resources */,
			);
			buildRules = (
			);
			dependencies = (
			);
			name = BIVerify;
			productName = BIVerify;
			productReference = 449C00F11BD42F3F00F866FA /* BIVerify.framework */;
			productType = "com.apple.product-type.framework";
		};
/* End PBXNativeTarget section */

/* Begin PBXProject section */
		449C00E81BD42F3F00F866FA /* Project object */ = {
			isa = PBXProject;
			attributes = {
				LastSwiftUpdateCheck = 0700;
				LastUpgradeCheck = 0700;
				ORGANIZATIONNAME = "Barking Iguana";
				TargetAttributes = {
					449C00F01BD42F3F00F866FA = {
						CreatedOnToolsVersion = 7.0.1;
					};
				};
			};
			buildConfigurationList = 449C00EB1BD42F3F00F866FA /* Build configuration list for PBXProject "BIVerify" */;
			compatibilityVersion = "Xcode 3.2";
			developmentRegion = English;
			hasScannedForEncodings = 0;
			knownRegions = (
				en,
			);
			mainGroup = 449C00E71BD42F3F00F866FA;
			productRefGroup = 449C00F21BD42F3F00F866FA /* Products */;
			projectDirPath = "";
			projectRoot = "";
			targets = (
				449C00F01BD42F3F00F866FA /* BIVerify */,
			);
		};
/* End PBXProject section */

/* Begin PBXResourcesBuildPhase section */
		449C00EF1BD42F3F00F866FA /* Resources */ = {
			isa = PBXResourcesBuildPhase;
			buildActionMask = 2147483647;
			files = (
			);
			runOnlyForDeploymentPostprocessing = 0;
		};
/* End PBXResourcesBuildPhase section */

/* Begin PBXShellScriptBuildPhase section */
		0140AD8571F7298D96862352 /* Check Pods Manifest.lock */ = {
			isa = PBXShellScriptBuildPhase;
			buildActionMask = 2147483647;
			files = (
			);
			inputPaths = (
			);
			name = "Check Pods Manifest.lock";
			outputPaths = (
			);
			runOnlyForDeploymentPostprocessing = 0;
			shellPath = /bin/sh;
			shellScript = "diff \"${PODS_ROOT}/../Podfile.lock\" \"${PODS_ROOT}/Manifest.lock\" > /dev/null\nif [[ $? != 0 ]] ; then\n    cat << EOM\nerror: The sandbox is not in sync with the Podfile.lock. Run 'pod install' or update your CocoaPods installation.\nEOM\n    exit 1\nfi\n";
			showEnvVarsInLog = 0;
		};
		36155BD49170367B7894506E /* Copy Pods Resources */ = {
			isa = PBXShellScriptBuildPhase;
			buildActionMask = 2147483647;
			files = (
			);
			inputPaths = (
			);
			name = "Copy Pods Resources";
			outputPaths = (
			);
			runOnlyForDeploymentPostprocessing = 0;
			shellPath = /bin/sh;
			shellScript = "\"${SRCROOT}/Pods/Target Support Files/Pods-BIVerify/Pods-BIVerify-resources.sh\"\n";
			showEnvVarsInLog = 0;
		};
/* End PBXShellScriptBuildPhase section */

/* Begin PBXSourcesBuildPhase section */
		449C00EC1BD42F3F00F866FA /* Sources */ = {
			isa = PBXSourcesBuildPhase;
			buildActionMask = 2147483647;
			files = (
				446B4F7D1BD4309E00592A31 /* Verify.swift in Sources */,
				446B4F7B1BD4309E00592A31 /* Signature.swift in Sources */,
				446B4F7A1BD4309E00592A31 /* Intent.swift in Sources */,
				446B4F7C1BD4309E00592A31 /* SignedAction.swift in Sources */,
			);
			runOnlyForDeploymentPostprocessing = 0;
		};
/* End PBXSourcesBuildPhase section */

/* Begin XCBuildConfiguration section */
		449C00F71BD42F3F00F866FA /* Debug */ = {
			isa = XCBuildConfiguration;
			buildSettings = {
				ALWAYS_SEARCH_USER_PATHS = NO;
				CLANG_CXX_LANGUAGE_STANDARD = "gnu++0x";
				CLANG_CXX_LIBRARY = "libc++";
				CLANG_ENABLE_MODULES = YES;
				CLANG_ENABLE_OBJC_ARC = YES;
				CLANG_WARN_BOOL_CONVERSION = YES;
				CLANG_WARN_CONSTANT_CONVERSION = YES;
				CLANG_WARN_DIRECT_OBJC_ISA_USAGE = YES_ERROR;
				CLANG_WARN_EMPTY_BODY = YES;
				CLANG_WARN_ENUM_CONVERSION = YES;
				CLANG_WARN_INT_CONVERSION = YES;
				CLANG_WARN_OBJC_ROOT_CLASS = YES_ERROR;
				CLANG_WARN_UNREACHABLE_CODE = YES;
				CLANG_WARN__DUPLICATE_METHOD_MATCH = YES;
				"CODE_SIGN_IDENTITY[sdk=iphoneos*]" = "iPhone Developer";
				COPY_PHASE_STRIP = NO;
				CURRENT_PROJECT_VERSION = 1;
				DEBUG_INFORMATION_FORMAT = dwarf;
				ENABLE_STRICT_OBJC_MSGSEND = YES;
				ENABLE_TESTABILITY = YES;
				GCC_C_LANGUAGE_STANDARD = gnu99;
				GCC_DYNAMIC_NO_PIC = NO;
				GCC_NO_COMMON_BLOCKS = YES;
				GCC_OPTIMIZATION_LEVEL = 0;
				GCC_PREPROCESSOR_DEFINITIONS = (
					"DEBUG=1",
					"$(inherited)",
				);
				GCC_WARN_64_TO_32_BIT_CONVERSION = YES;
				GCC_WARN_ABOUT_RETURN_TYPE = YES_ERROR;
				GCC_WARN_UNDECLARED_SELECTOR = YES;
				GCC_WARN_UNINITIALIZED_AUTOS = YES_AGGRESSIVE;
				GCC_WARN_UNUSED_FUNCTION = YES;
				GCC_WARN_UNUSED_VARIABLE = YES;
				IPHONEOS_DEPLOYMENT_TARGET = 9.0;
				MTL_ENABLE_DEBUG_INFO = YES;
				ONLY_ACTIVE_ARCH = YES;
				SDKROOT = iphoneos;
				SWIFT_OPTIMIZATION_LEVEL = "-Onone";
				TARGETED_DEVICE_FAMILY = "1,2";
				VERSIONING_SYSTEM = "apple-generic";
				VERSION_INFO_PREFIX = "";
			};
			name = Debug;
		};
		449C00F81BD42F3F00F866FA /* Release */ = {
			isa = XCBuildConfiguration;
			buildSettings = {
				ALWAYS_SEARCH_USER_PATHS = NO;
				CLANG_CXX_LANGUAGE_STANDARD = "gnu++0x";
				CLANG_CXX_LIBRARY = "libc++";
				CLANG_ENABLE_MODULES = YES;
				CLANG_ENABLE_OBJC_ARC = YES;
				CLANG_WARN_BOOL_CONVERSION = YES;
				CLANG_WARN_CONSTANT_CONVERSION = YES;
				CLANG_WARN_DIRECT_OBJC_ISA_USAGE = YES_ERROR;
				CLANG_WARN_EMPTY_BODY = YES;
				CLANG_WARN_ENUM_CONVERSION = YES;
				CLANG_WARN_INT_CONVERSION = YES;
				CLANG_WARN_OBJC_ROOT_CLASS = YES_ERROR;
				CLANG_WARN_UNREACHABLE_CODE = YES;
				CLANG_WARN__DUPLICATE_METHOD_MATCH = YES;
				"CODE_SIGN_IDENTITY[sdk=iphoneos*]" = "iPhone Developer";
				COPY_PHASE_STRIP = NO;
				CURRENT_PROJECT_VERSION = 1;
				DEBUG_INFORMATION_FORMAT = "dwarf-with-dsym";
				ENABLE_NS_ASSERTIONS = NO;
				ENABLE_STRICT_OBJC_MSGSEND = YES;
				GCC_C_LANGUAGE_STANDARD = gnu99;
				GCC_NO_COMMON_BLOCKS = YES;
				GCC_WARN_64_TO_32_BIT_CONVERSION = YES;
				GCC_WARN_ABOUT_RETURN_TYPE = YES_ERROR;
				GCC_WARN_UNDECLARED_SELECTOR = YES;
				GCC_WARN_UNINITIALIZED_AUTOS = YES_AGGRESSIVE;
				GCC_WARN_UNUSED_FUNCTION = YES;
				GCC_WARN_UNUSED_VARIABLE = YES;
				IPHONEOS_DEPLOYMENT_TARGET = 9.0;
				MTL_ENABLE_DEBUG_INFO = NO;
				SDKROOT = iphoneos;
				TARGETED_DEVICE_FAMILY = "1,2";
				VALIDATE_PRODUCT = YES;
				VERSIONING_SYSTEM = "apple-generic";
				VERSION_INFO_PREFIX = "";
			};
			name = Release;
		};
		449C00FA1BD42F3F00F866FA /* Debug */ = {
			isa = XCBuildConfiguration;
			baseConfigurationReference = 7DF45F206EF062170086EEB3 /* Pods-BIVerify.debug.xcconfig */;
			buildSettings = {
				CLANG_ENABLE_MODULES = YES;
				DEFINES_MODULE = YES;
				DYLIB_COMPATIBILITY_VERSION = 1;
				DYLIB_CURRENT_VERSION = 1;
				DYLIB_INSTALL_NAME_BASE = "@rpath";
				INFOPLIST_FILE = BIVerify/Info.plist;
				INSTALL_PATH = "$(LOCAL_LIBRARY_DIR)/Frameworks";
				LD_RUNPATH_SEARCH_PATHS = "$(inherited) @executable_path/Frameworks @loader_path/Frameworks";
				PRODUCT_BUNDLE_IDENTIFIER = com.barkingiguana.BIVerify;
				PRODUCT_NAME = "$(TARGET_NAME)";
				SKIP_INSTALL = YES;
				SWIFT_OPTIMIZATION_LEVEL = "-Onone";
			};
			name = Debug;
		};
		449C00FB1BD42F3F00F866FA /* Release */ = {
			isa = XCBuildConfiguration;
			baseConfigurationReference = D4173E66E1BBFF0DB9FA9675 /* Pods-BIVerify.release.xcconfig */;
			buildSettings = {
				CLANG_ENABLE_MODULES = YES;
				DEFINES_MODULE = YES;
				DYLIB_COMPATIBILITY_VERSION = 1;
				DYLIB_CURRENT_VERSION = 1;
				DYLIB_INSTALL_NAME_BASE = "@rpath";
				INFOPLIST_FILE = BIVerify/Info.plist;
				INSTALL_PATH = "$(LOCAL_LIBRARY_DIR)/Frameworks";
				LD_RUNPATH_SEARCH_PATHS = "$(inherited) @executable_path/Frameworks @loader_path/Frameworks";
				PRODUCT_BUNDLE_IDENTIFIER = com.barkingiguana.BIVerify;
				PRODUCT_NAME = "$(TARGET_NAME)";
				SKIP_INSTALL = YES;
			};
			name = Release;
		};
/* End XCBuildConfiguration section */

/* Begin XCConfigurationList section */
		449C00EB1BD42F3F00F866FA /* Build configuration list for PBXProject "BIVerify" */ = {
			isa = XCConfigurationList;
			buildConfigurations = (
				449C00F71BD42F3F00F866FA /* Debug */,
				449C00F81BD42F3F00F866FA /* Release */,
			);
			defaultConfigurationIsVisible = 0;
			defaultConfigurationName = Release;
		};
		449C00F91BD42F3F00F866FA /* Build configuration list for PBXNativeTarget "BIVerify" */ = {
			isa = XCConfigurationList;
			buildConfigurations = (
				449C00FA1BD42F3F00F866FA /* Debug */,
				449C00FB1BD42F3F00F866FA /* Release */,
			);
			defaultConfigurationIsVisible = 0;
			defaultConfigurationName = Release;
		};
/* End XCConfigurationList section */
	};
	rootObject = 449C00E81BD42F3F00F866FA /* Project object */;
}
